
Microsoft Visual Studio Solution File, Format Version 12.00
# Visual Studio Version 17
VisualStudioVersion = 17.3.32929.385
MinimumVisualStudioVersion = 10.0.40219.1
Project("{FAE04EC0-301F-11D3-BF4B-00C04F79EFBC}") = "MikroFly_Reports.Android", "MikroFly_Reports\MikroFly_Reports.Android\MikroFly_Reports.Android.csproj", "{2C5043A1-2087-43F7-B6A2-88CCBB653867}"
EndProject
Project("{FAE04EC0-301F-11D3-BF4B-00C04F79EFBC}") = "MikroFly_Reports.iOS", "MikroFly_Reports\MikroFly_Reports.iOS\MikroFly_Reports.iOS.csproj", "{7CB8E11A-12A3-46E6-9F8E-8502DF248E4F}"
EndProject
Project("{9A19103F-16F7-4668-BE54-9A1E7A4F7556}") = "MikroFly_Reports", "MikroFly_Reports\MikroFly_Reports\MikroFly_Reports.csproj", "{0644BA58-B1F1-43BA-87BD-C945532F5716}"
EndProject
Global
	GlobalSection(SolutionConfigurationPlatforms) = preSolution
		Debug|Any CPU = Debug|Any CPU
		Debug|iPhone = Debug|iPhone
		Debug|iPhoneSimulator = Debug|iPhoneSimulator
		Release|Any CPU = Release|Any CPU
		Release|iPhone = Release|iPhone
		Release|iPhoneSimulator = Release|iPhoneSimulator
	EndGlobalSection
	GlobalSection(ProjectConfigurationPlatforms) = postSolution
		{2C5043A1-2087-43F7-B6A2-88CCBB653867}.Debug|Any CPU.ActiveCfg = Debug|Any CPU
		{2C5043A1-2087-43F7-B6A2-88CCBB653867}.Debug|Any CPU.Build.0 = Debug|Any CPU
		{2C5043A1-2087-43F7-B6A2-88CCBB653867}.Debug|Any CPU.Deploy.0 = Debug|Any CPU
		{2C5043A1-2087-43F7-B6A2-88CCBB653867}.Debug|iPhone.ActiveCfg = Debug|Any CPU
		{2C5043A1-2087-43F7-B6A2-88CCBB653867}.Debug|iPhone.Build.0 = Debug|Any CPU
		{2C5043A1-2087-43F7-B6A2-88CCBB653867}.Debug|iPhone.Deploy.0 = Debug|Any CPU
		{2C5043A1-2087-43F7-B6A2-88CCBB653867}.Debug|iPhoneSimulator.ActiveCfg = Debug|Any CPU
		{2C5043A1-2087-43F7-B6A2-88CCBB653867}.Debug|iPhoneSimulator.Build.0 = Debug|Any CPU
		{2C5043A1-2087-43F7-B6A2-88CCBB653867}.Debug|iPhoneSimulator.Deploy.0 = Debug|Any CPU
		{2C5043A1-2087-43F7-B6A2-88CCBB653867}.Release|Any CPU.ActiveCfg = Release|Any CPU
		{2C5043A1-2087-43F7-B6A2-88CCBB653867}.Release|Any CPU.Build.0 = Release|Any CPU
		{2C5043A1-2087-43F7-B6A2-88CCBB653867}.Release|Any CPU.Deploy.0 = Release|Any CPU
		{2C5043A1-2087-43F7-B6A2-88CCBB653867}.Release|iPhone.ActiveCfg = Release|Any CPU
		{2C5043A1-2087-43F7-B6A2-88CCBB653867}.Release|iPhone.Build.0 = Release|Any CPU
		{2C5043A1-2087-43F7-B6A2-88CCBB653867}.Release|iPhone.Deploy.0 = Release|Any CPU
		{2C5043A1-2087-43F7-B6A2-88CCBB653867}.Release|iPhoneSimulator.ActiveCfg = Release|Any CPU
		{2C5043A1-2087-43F7-B6A2-88CCBB653867}.Release|iPhoneSimulator.Build.0 = Release|Any CPU
		{2C5043A1-2087-43F7-B6A2-88CCBB653867}.Release|iPhoneSimulator.Deploy.0 = Release|Any CPU
		{7CB8E11A-12A3-46E6-9F8E-8502DF248E4F}.Debug|Any CPU.ActiveCfg = Debug|iPhone
		{7CB8E11A-12A3-46E6-9F8E-8502DF248E4F}.Debug|Any CPU.Build.0 = Debug|iPhone
		{7CB8E11A-12A3-46E6-9F8E-8502DF248E4F}.Debug|Any CPU.Deploy.0 = Debug|iPhone
		{7CB8E11A-12A3-46E6-9F8E-8502DF248E4F}.Debug|iPhone.ActiveCfg = Debug|iPhone
		{7CB8E11A-12A3-46E6-9F8E-8502DF248E4F}.Debug|iPhone.Build.0 = Debug|iPhone
		{7CB8E11A-12A3-46E6-9F8E-8502DF248E4F}.Debug|iPhone.Deploy.0 = Debug|iPhone
		{7CB8E11A-12A3-46E6-9F8E-8502DF248E4F}.Debug|iPhoneSimulator.ActiveCfg = Debug|iPhoneSimulator
		{7CB8E11A-12A3-46E6-9F8E-8502DF248E4F}.Debug|iPhoneSimulator.Build.0 = Debug|iPhoneSimulator
		{7CB8E11A-12A3-46E6-9F8E-8502DF248E4F}.Debug|iPhoneSimulator.Deploy.0 = Debug|iPhoneSimulator
		{7CB8E11A-12A3-46E6-9F8E-8502DF248E4F}.Release|Any CPU.ActiveCfg = Release|iPhoneSimulator
		{7CB8E11A-12A3-46E6-9F8E-8502DF248E4F}.Release|Any CPU.Build.0 = Release|iPhoneSimulator
		{7CB8E11A-12A3-46E6-9F8E-8502DF248E4F}.Release|Any CPU.Deploy.0 = Release|iPhoneSimulator
		{7CB8E11A-12A3-46E6-9F8E-8502DF248E4F}.Release|iPhone.ActiveCfg = Release|iPhone
		{7CB8E11A-12A3-46E6-9F8E-8502DF248E4F}.Release|iPhone.Build.0 = Release|iPhone
		{7CB8E11A-12A3-46E6-9F8E-8502DF248E4F}.Release|iPhone.Deploy.0 = Release|iPhone
		{7CB8E11A-12A3-46E6-9F8E-8502DF248E4F}.Release|iPhoneSimulator.ActiveCfg = Release|iPhoneSimulator
		{7CB8E11A-12A3-46E6-9F8E-8502DF248E4F}.Release|iPhoneSimulator.Build.0 = Release|iPhoneSimulator
		{7CB8E11A-12A3-46E6-9F8E-8502DF248E4F}.Release|iPhoneSimulator.Deploy.0 = Release|iPhoneSimulator
		{0644BA58-B1F1-43BA-87BD-C945532F5716}.Debug|Any CPU.ActiveCfg = Debug|Any CPU
		{0644BA58-B1F1-43BA-87BD-C945532F5716}.Debug|Any CPU.Build.0 = Debug|Any CPU
		{0644BA58-B1F1-43BA-87BD-C945532F5716}.Debug|Any CPU.Deploy.0 = Debug|Any CPU
		{0644BA58-B1F1-43BA-87BD-C945532F5716}.Debug|iPhone.ActiveCfg = Debug|Any CPU
		{0644BA58-B1F1-43BA-87BD-C945532F5716}.Debug|iPhone.Build.0 = Debug|Any CPU
		{0644BA58-B1F1-43BA-87BD-C945532F5716}.Debug|iPhone.Deploy.0 = Debug|Any CPU
		{0644BA58-B1F1-43BA-87BD-C945532F5716}.Debug|iPhoneSimulator.ActiveCfg = Debug|Any CPU
		{0644BA58-B1F1-43BA-87BD-C945532F5716}.Debug|iPhoneSimulator.Build.0 = Debug|Any CPU
		{0644BA58-B1F1-43BA-87BD-C945532F5716}.Debug|iPhoneSimulator.Deploy.0 = Debug|Any CPU
		{0644BA58-B1F1-43BA-87BD-C945532F5716}.Release|Any CPU.ActiveCfg = Release|Any CPU
		{0644BA58-B1F1-43BA-87BD-C945532F5716}.Release|Any CPU.Build.0 = Release|Any CPU
		{0644BA58-B1F1-43BA-87BD-C945532F5716}.Release|Any CPU.Deploy.0 = Release|Any CPU
		{0644BA58-B1F1-43BA-87BD-C945532F5716}.Release|iPhone.ActiveCfg = Release|Any CPU
		{0644BA58-B1F1-43BA-87BD-C945532F5716}.Release|iPhone.Build.0 = Release|Any CPU
		{0644BA58-B1F1-43BA-87BD-C945532F5716}.Release|iPhone.Deploy.0 = Release|Any CPU
		{0644BA58-B1F1-43BA-87BD-C945532F5716}.Release|iPhoneSimulator.ActiveCfg = Release|Any CPU
		{0644BA58-B1F1-43BA-87BD-C945532F5716}.Release|iPhoneSimulator.Build.0 = Release|Any CPU
		{0644BA58-B1F1-43BA-87BD-C945532F5716}.Release|iPhoneSimulator.Deploy.0 = Release|Any CPU
	EndGlobalSection
	GlobalSection(SolutionProperties) = preSolution
		HideSolutionNode = FALSE
	EndGlobalSection
	GlobalSection(ExtensibilityGlobals) = postSolution
		SolutionGuid = {003DB801-FC4C-4D77-A38E-0BF5031231B1}
	EndGlobalSection
EndGlobal
